dependencies:
- name: postgresql
  repository: https://charts.helm.sh/stable
  version: 7.7.2
- name: postgresql
  repository: https://charts.helm.sh/stable
  version: 7.7.2
digest: sha256:31cc003ffc58c0a315bb3cea1ea7a5689b553a6b1f937f0445534b1257264f62
generated: "2021-06-04T00:23:33.330836097+02:00"
